PODS:
  - JBChartView (1.1.6)
  - MagicalRecord/Shorthand (2.2)
  - SVProgressHUD (1.0)

DEPENDENCIES:
  - JBChartView (= 1.1.6)
  - MagicalRecord/Shorthand (= 2.2)
  - SVProgressHUD (= 1.0)

SPEC CHECKSUMS:
  JBChartView: 9e456958366ac7191139b1666f467b96c273a160
  MagicalRecord: 95d49d74ef752cd52f6ad87bcb474817fc3978cf
  SVProgressHUD: 5e10939a296debf5fe5a5895eda9539b8b2114f1

COCOAPODS: 0.29.0
