PODS:
  - GPUImage (0.1.2)
  - JBChartView (1.1.6)
  - MagicalRecord/Shorthand (2.2)

DEPENDENCIES:
  - GPUImage (= 0.1.2)
  - JBChartView (= 1.1.6)
  - MagicalRecord/Shorthand (= 2.2)

SPEC CHECKSUMS:
  GPUImage: 007145faa0e27f1ddbcab93e07f026c9776e2fa2
  JBChartView: 9e456958366ac7191139b1666f467b96c273a160
  MagicalRecord: 95d49d74ef752cd52f6ad87bcb474817fc3978cf

COCOAPODS: 0.29.0
