// !$*UTF8*$!
{
	archiveVersion = 1;
	classes = {
	};
	objectVersion = 46;
	objects = {

/* Begin PBXBuildFile section */
		7D0436AA18CBE2B10006E551 /* BFFaceVideoViewController.mm in Sources */ = {isa = PBXBuildFile; fileRef = 7D0436A918CBE2B10006E551 /* BFFaceVideoViewController.mm */; };
		7D16ED3018D2B4A400EF7D56 /* BFPatientListViewController.m in Sources */ = {isa = PBXBuildFile; fileRef = 7D16ED2F18D2B4A400EF7D56 /* BFPatientListViewController.m */; };
		7D16ED3718D2B60100EF7D56 /* PatientModel.xcdatamodeld in Sources */ = {isa = PBXBuildFile; fileRef = 7D16ED3518D2B60100EF7D56 /* PatientModel.xcdatamodeld */; };
		7DB9C2E518C2D2EF00CCDED9 /* Foundation.framework in Frameworks */ = {isa = PBXBuildFile; fileRef = 7DB9C2E418C2D2EF00CCDED9 /* Foundation.framework */; };
		7DB9C2E718C2D2EF00CCDED9 /* CoreGraphics.framework in Frameworks */ = {isa = PBXBuildFile; fileRef = 7DB9C2E618C2D2EF00CCDED9 /* CoreGraphics.framework */; };
		7DB9C2E918C2D2EF00CCDED9 /* UIKit.framework in Frameworks */ = {isa = PBXBuildFile; fileRef = 7DB9C2E818C2D2EF00CCDED9 /* UIKit.framework */; };
		7DB9C2EF18C2D2EF00CCDED9 /* InfoPlist.strings in Resources */ = {isa = PBXBuildFile; fileRef = 7DB9C2ED18C2D2EF00CCDED9 /* InfoPlist.strings */; };
		7DB9C2F118C2D2EF00CCDED9 /* main.m in Sources */ = {isa = PBXBuildFile; fileRef = 7DB9C2F018C2D2EF00CCDED9 /* main.m */; };
		7DB9C2F518C2D2EF00CCDED9 /* BFAppDelegate.mm in Sources */ = {isa = PBXBuildFile; fileRef = 7DB9C2F418C2D2EF00CCDED9 /* BFAppDelegate.mm */; };
		7DB9C2F818C2D2EF00CCDED9 /* Main_iPhone.storyboard in Resources */ = {isa = PBXBuildFile; fileRef = 7DB9C2F618C2D2EF00CCDED9 /* Main_iPhone.storyboard */; };
		7DB9C2FB18C2D2EF00CCDED9 /* Main_iPad.storyboard in Resources */ = {isa = PBXBuildFile; fileRef = 7DB9C2F918C2D2EF00CCDED9 /* Main_iPad.storyboard */; };
		7DB9C30018C2D2EF00CCDED9 /* Images.xcassets in Resources */ = {isa = PBXBuildFile; fileRef = 7DB9C2FF18C2D2EF00CCDED9 /* Images.xcassets */; };
		7DB9C30718C2D2EF00CCDED9 /* XCTest.framework in Frameworks */ = {isa = PBXBuildFile; fileRef = 7DB9C30618C2D2EF00CCDED9 /* XCTest.framework */; };
		7DB9C30818C2D2EF00CCDED9 /* Foundation.framework in Frameworks */ = {isa = PBXBuildFile; fileRef = 7DB9C2E418C2D2EF00CCDED9 /* Foundation.framework */; };
		7DB9C30918C2D2EF00CCDED9 /* UIKit.framework in Frameworks */ = {isa = PBXBuildFile; fileRef = 7DB9C2E818C2D2EF00CCDED9 /* UIKit.framework */; };
		7DB9C31118C2D2EF00CCDED9 /* InfoPlist.strings in Resources */ = {isa = PBXBuildFile; fileRef = 7DB9C30F18C2D2EF00CCDED9 /* InfoPlist.strings */; };
		7DB9C31318C2D2EF00CCDED9 /* Motion_BiofeedbackTests.m in Sources */ = {isa = PBXBuildFile; fileRef = 7DB9C31218C2D2EF00CCDED9 /* Motion_BiofeedbackTests.m */; };
		7DB9C31F18C2D38600CCDED9 /* AVFoundation.framework in Frameworks */ = {isa = PBXBuildFile; fileRef = 7DB9C31E18C2D38600CCDED9 /* AVFoundation.framework */; };
		7DB9C32118C2D38D00CCDED9 /* ImageIO.framework in Frameworks */ = {isa = PBXBuildFile; fileRef = 7DB9C32018C2D38D00CCDED9 /* ImageIO.framework */; };
		7DB9C32318C2D39200CCDED9 /* libz.dylib in Frameworks */ = {isa = PBXBuildFile; fileRef = 7DB9C32218C2D39200CCDED9 /* libz.dylib */; };
		7DB9C32518C2D39800CCDED9 /* CoreVideo.framework in Frameworks */ = {isa = PBXBuildFile; fileRef = 7DB9C32418C2D39800CCDED9 /* CoreVideo.framework */; };
		7DB9C32718C2D39D00CCDED9 /* CoreMedia.framework in Frameworks */ = {isa = PBXBuildFile; fileRef = 7DB9C32618C2D39D00CCDED9 /* CoreMedia.framework */; };
		7DB9C32918C2D43500CCDED9 /* AssetsLibrary.framework in Frameworks */ = {isa = PBXBuildFile; fileRef = 7DB9C32818C2D43500CCDED9 /* AssetsLibrary.framework */; };
		7DB9C32F18C2D7F000CCDED9 /* BFHeadTracker.mm in Sources */ = {isa = PBXBuildFile; fileRef = 7DB9C32C18C2D7F000CCDED9 /* BFHeadTracker.mm */; };
		7DB9C33018C2D7F000CCDED9 /* BFTracker.mm in Sources */ = {isa = PBXBuildFile; fileRef = 7DB9C32E18C2D7F000CCDED9 /* BFTracker.mm */; };
		7DB9C33A18C2D83E00CCDED9 /* BFOpenCVConverter.mm in Sources */ = {isa = PBXBuildFile; fileRef = 7DB9C33318C2D83E00CCDED9 /* BFOpenCVConverter.mm */; };
		7DB9C33C18C2D83E00CCDED9 /* BFOpenCVEdgeDetector.mm in Sources */ = {isa = PBXBuildFile; fileRef = 7DB9C33718C2D83E00CCDED9 /* BFOpenCVEdgeDetector.mm */; };
		7DB9C33D18C2D83E00CCDED9 /* BFOpenCVFaceDetector.mm in Sources */ = {isa = PBXBuildFile; fileRef = 7DB9C33918C2D83E00CCDED9 /* BFOpenCVFaceDetector.mm */; };
		7DD8FEC418CC11BA00E5A213 /* BFCircleView.m in Sources */ = {isa = PBXBuildFile; fileRef = 7DD8FEC318CC11BA00E5A213 /* BFCircleView.m */; };
		7DECCCCE18C2E59A00984387 /* haarcascade_frontalface_alt2.xml in Resources */ = {isa = PBXBuildFile; fileRef = 7DECCCCD18C2E59A00984387 /* haarcascade_frontalface_alt2.xml */; };
		7DF6BDE818CAF092007B72FC /* opencv2.framework in Frameworks */ = {isa = PBXBuildFile; fileRef = 7DF6BDE718CAF092007B72FC /* opencv2.framework */; };
		7DF6BDEB18CB7A54007B72FC /* BFOpenCVTracker.mm in Sources */ = {isa = PBXBuildFile; fileRef = 7DF6BDEA18CB7A54007B72FC /* BFOpenCVTracker.mm */; };
		F7E84084BE3542CBA28449D7 /* libPods.a in Frameworks */ = {isa = PBXBuildFile; fileRef = C1545215E15347C8A01FA00B /* libPods.a */; };
/* End PBXBuildFile section */

/* Begin PBXContainerItemProxy section */
		7DB9C30A18C2D2EF00CCDED9 /* PBXContainerItemProxy */ = {
			isa = PBXContainerItemProxy;
			containerPortal = 7DB9C2D918C2D2EF00CCDED9 /* Project object */;
			proxyType = 1;
			remoteGlobalIDString = 7DB9C2E018C2D2EF00CCDED9;
			remoteInfo = "Motion Biofeedback";
		};
/* End PBXContainerItemProxy section */

/* Begin PBXFileReference section */
		6B95C62388D34EA7AAD08B55 /* Pods.xcconfig */ = {isa = PBXFileReference; includeInIndex = 1; lastKnownFileType = text.xcconfig; name = Pods.xcconfig; path = Pods/Pods.xcconfig; sourceTree = "<group>"; };
		7D0436A818CBE2B10006E551 /* BFFaceVideoViewController.h */ = {isa = PBXFileReference; fileEncoding = 4; lastKnownFileType = sourcecode.c.h; name = BFFaceVideoViewController.h; path = "Face Video/BFFaceVideoViewController.h"; sourceTree = "<group>"; };
		7D0436A918CBE2B10006E551 /* BFFaceVideoViewController.mm */ = {isa = PBXFileReference; fileEncoding = 4; lastKnownFileType = sourcecode.cpp.objcpp; name = BFFaceVideoViewController.mm; path = "Face Video/BFFaceVideoViewController.mm"; sourceTree = "<group>"; };
		7D16ED2E18D2B4A400EF7D56 /* BFPatientListViewController.h */ = {isa = PBXFileReference; fileEncoding = 4; lastKnownFileType = sourcecode.c.h; name = BFPatientListViewController.h; path = "Non-Treatment/BFPatientListViewController.h"; sourceTree = "<group>"; };
		7D16ED2F18D2B4A400EF7D56 /* BFPatientListViewController.m */ = {isa = PBXFileReference; fileEncoding = 4; lastKnownFileType = sourcecode.c.objc; name = BFPatientListViewController.m; path = "Non-Treatment/BFPatientListViewController.m"; sourceTree = "<group>"; };
		7D16ED3618D2B60100EF7D56 /* PatientModel.xcdatamodel */ = {isa = PBXFileReference; lastKnownFileType = wrapper.xcdatamodel; path = PatientModel.xcdatamodel; sourceTree = "<group>"; };
		7DB9C2E118C2D2EF00CCDED9 /* Motion Biofeedback.app */ = {isa = PBXFileReference; explicitFileType = wrapper.application; includeInIndex = 0; path = "Motion Biofeedback.app"; sourceTree = BUILT_PRODUCTS_DIR; };
		7DB9C2E418C2D2EF00CCDED9 /* Foundation.framework */ = {isa = PBXFileReference; lastKnownFileType = wrapper.framework; name = Foundation.framework; path = System/Library/Frameworks/Foundation.framework; sourceTree = SDKROOT; };
		7DB9C2E618C2D2EF00CCDED9 /* CoreGraphics.framework */ = {isa = PBXFileReference; lastKnownFileType = wrapper.framework; name = CoreGraphics.framework; path = System/Library/Frameworks/CoreGraphics.framework; sourceTree = SDKROOT; };
		7DB9C2E818C2D2EF00CCDED9 /* UIKit.framework */ = {isa = PBXFileReference; lastKnownFileType = wrapper.framework; name = UIKit.framework; path = System/Library/Frameworks/UIKit.framework; sourceTree = SDKROOT; };
		7DB9C2EC18C2D2EF00CCDED9 /* Motion Biofeedback-Info.plist */ = {isa = PBXFileReference; lastKnownFileType = text.plist.xml; path = "Motion Biofeedback-Info.plist"; sourceTree = "<group>"; };
		7DB9C2EE18C2D2EF00CCDED9 /* en */ = {isa = PBXFileReference; lastKnownFileType = text.plist.strings; name = en; path = en.lproj/InfoPlist.strings; sourceTree = "<group>"; };
		7DB9C2F018C2D2EF00CCDED9 /* main.m */ = {isa = PBXFileReference; lastKnownFileType = sourcecode.c.objc; path = main.m; sourceTree = "<group>"; };
		7DB9C2F218C2D2EF00CCDED9 /* Motion Biofeedback-Prefix.pch */ = {isa = PBXFileReference; lastKnownFileType = sourcecode.c.h; path = "Motion Biofeedback-Prefix.pch"; sourceTree = "<group>"; };
		7DB9C2F318C2D2EF00CCDED9 /* BFAppDelegate.h */ = {isa = PBXFileReference; lastKnownFileType = sourcecode.c.h; path = BFAppDelegate.h; sourceTree = "<group>"; };
		7DB9C2F418C2D2EF00CCDED9 /* BFAppDelegate.mm */ = {isa = PBXFileReference; lastKnownFileType = sourcecode.cpp.objcpp; path = BFAppDelegate.mm; sourceTree = "<group>"; };
		7DB9C2F718C2D2EF00CCDED9 /* Base */ = {isa = PBXFileReference; lastKnownFileType = file.storyboard; name = Base; path = Base.lproj/Main_iPhone.storyboard; sourceTree = "<group>"; };
		7DB9C2FA18C2D2EF00CCDED9 /* Base */ = {isa = PBXFileReference; lastKnownFileType = file.storyboard; name = Base; path = Base.lproj/Main_iPad.storyboard; sourceTree = "<group>"; };
		7DB9C2FF18C2D2EF00CCDED9 /* Images.xcassets */ = {isa = PBXFileReference; lastKnownFileType = folder.assetcatalog; path = Images.xcassets; sourceTree = "<group>"; };
		7DB9C30518C2D2EF00CCDED9 /* Motion BiofeedbackTests.xctest */ = {isa = PBXFileReference; explicitFileType = wrapper.cfbundle; includeInIndex = 0; path = "Motion BiofeedbackTests.xctest"; sourceTree = BUILT_PRODUCTS_DIR; };
		7DB9C30618C2D2EF00CCDED9 /* XCTest.framework */ = {isa = PBXFileReference; lastKnownFileType = wrapper.framework; name = XCTest.framework; path = Library/Frameworks/XCTest.framework; sourceTree = DEVELOPER_DIR; };
		7DB9C30E18C2D2EF00CCDED9 /* Motion BiofeedbackTests-Info.plist */ = {isa = PBXFileReference; lastKnownFileType = text.plist.xml; path = "Motion BiofeedbackTests-Info.plist"; sourceTree = "<group>"; };
		7DB9C31018C2D2EF00CCDED9 /* en */ = {isa = PBXFileReference; lastKnownFileType = text.plist.strings; name = en; path = en.lproj/InfoPlist.strings; sourceTree = "<group>"; };
		7DB9C31218C2D2EF00CCDED9 /* Motion_BiofeedbackTests.m */ = {isa = PBXFileReference; lastKnownFileType = sourcecode.c.objc; path = Motion_BiofeedbackTests.m; sourceTree = "<group>"; };
		7DB9C31E18C2D38600CCDED9 /* AVFoundation.framework */ = {isa = PBXFileReference; lastKnownFileType = wrapper.framework; name = AVFoundation.framework; path = System/Library/Frameworks/AVFoundation.framework; sourceTree = SDKROOT; };
		7DB9C32018C2D38D00CCDED9 /* ImageIO.framework */ = {isa = PBXFileReference; lastKnownFileType = wrapper.framework; name = ImageIO.framework; path = System/Library/Frameworks/ImageIO.framework; sourceTree = SDKROOT; };
		7DB9C32218C2D39200CCDED9 /* libz.dylib */ = {isa = PBXFileReference; lastKnownFileType = "compiled.mach-o.dylib"; name = libz.dylib; path = usr/lib/libz.dylib; sourceTree = SDKROOT; };
		7DB9C32418C2D39800CCDED9 /* CoreVideo.framework */ = {isa = PBXFileReference; lastKnownFileType = wrapper.framework; name = CoreVideo.framework; path = System/Library/Frameworks/CoreVideo.framework; sourceTree = SDKROOT; };
		7DB9C32618C2D39D00CCDED9 /* CoreMedia.framework */ = {isa = PBXFileReference; lastKnownFileType = wrapper.framework; name = CoreMedia.framework; path = System/Library/Frameworks/CoreMedia.framework; sourceTree = SDKROOT; };
		7DB9C32818C2D43500CCDED9 /* AssetsLibrary.framework */ = {isa = PBXFileReference; lastKnownFileType = wrapper.framework; name = AssetsLibrary.framework; path = System/Library/Frameworks/AssetsLibrary.framework; sourceTree = SDKROOT; };
		7DB9C32B18C2D7F000CCDED9 /* BFHeadTracker.h */ = {isa = PBXFileReference; fileEncoding = 4; lastKnownFileType = sourcecode.c.h; path = BFHeadTracker.h; sourceTree = "<group>"; };
		7DB9C32C18C2D7F000CCDED9 /* BFHeadTracker.mm */ = {isa = PBXFileReference; fileEncoding = 4; lastKnownFileType = sourcecode.cpp.objcpp; path = BFHeadTracker.mm; sourceTree = "<group>"; };
		7DB9C32D18C2D7F000CCDED9 /* BFTracker.h */ = {isa = PBXFileReference; fileEncoding = 4; lastKnownFileType = sourcecode.c.h; path = BFTracker.h; sourceTree = "<group>"; };
		7DB9C32E18C2D7F000CCDED9 /* BFTracker.mm */ = {isa = PBXFileReference; fileEncoding = 4; lastKnownFileType = sourcecode.cpp.objcpp; path = BFTracker.mm; sourceTree = "<group>"; };
		7DB9C33218C2D83E00CCDED9 /* BFOpenCVConverter.h */ = {isa = PBXFileReference; fileEncoding = 4; lastKnownFileType = sourcecode.c.h; path = BFOpenCVConverter.h; sourceTree = "<group>"; };
		7DB9C33318C2D83E00CCDED9 /* BFOpenCVConverter.mm */ = {isa = PBXFileReference; fileEncoding = 4; lastKnownFileType = sourcecode.cpp.objcpp; path = BFOpenCVConverter.mm; sourceTree = "<group>"; };
		7DB9C33618C2D83E00CCDED9 /* BFOpenCVEdgeDetector.h */ = {isa = PBXFileReference; fileEncoding = 4; lastKnownFileType = sourcecode.c.h; path = BFOpenCVEdgeDetector.h; sourceTree = "<group>"; };
		7DB9C33718C2D83E00CCDED9 /* BFOpenCVEdgeDetector.mm */ = {isa = PBXFileReference; fileEncoding = 4; lastKnownFileType = sourcecode.cpp.objcpp; path = BFOpenCVEdgeDetector.mm; sourceTree = "<group>"; };
		7DB9C33818C2D83E00CCDED9 /* BFOpenCVFaceDetector.h */ = {isa = PBXFileReference; fileEncoding = 4; lastKnownFileType = sourcecode.c.h; path = BFOpenCVFaceDetector.h; sourceTree = "<group>"; };
		7DB9C33918C2D83E00CCDED9 /* BFOpenCVFaceDetector.mm */ = {isa = PBXFileReference; fileEncoding = 4; lastKnownFileType = sourcecode.cpp.objcpp; path = BFOpenCVFaceDetector.mm; sourceTree = "<group>"; };
		7DD8FEC218CC11BA00E5A213 /* BFCircleView.h */ = {isa = PBXFileReference; fileEncoding = 4; lastKnownFileType = sourcecode.c.h; name = BFCircleView.h; path = "Face Video/BFCircleView.h"; sourceTree = "<group>"; };
		7DD8FEC318CC11BA00E5A213 /* BFCircleView.m */ = {isa = PBXFileReference; fileEncoding = 4; lastKnownFileType = sourcecode.c.objc; name = BFCircleView.m; path = "Face Video/BFCircleView.m"; sourceTree = "<group>"; };
		7DECCCCD18C2E59A00984387 /* haarcascade_frontalface_alt2.xml */ = {isa = PBXFileReference; fileEncoding = 4; lastKnownFileType = text.xml; path = haarcascade_frontalface_alt2.xml; sourceTree = "<group>"; };
		7DF6BDE718CAF092007B72FC /* opencv2.framework */ = {isa = PBXFileReference; lastKnownFileType = wrapper.framework; path = opencv2.framework; sourceTree = "<group>"; };
		7DF6BDE918CB7A54007B72FC /* BFOpenCVTracker.h */ = {isa = PBXFileReference; fileEncoding = 4; lastKnownFileType = sourcecode.c.h; path = BFOpenCVTracker.h; sourceTree = "<group>"; };
		7DF6BDEA18CB7A54007B72FC /* BFOpenCVTracker.mm */ = {isa = PBXFileReference; fileEncoding = 4; lastKnownFileType = sourcecode.cpp.objcpp; path = BFOpenCVTracker.mm; sourceTree = "<group>"; };
		C1545215E15347C8A01FA00B /* libPods.a */ = {isa = PBXFileReference; explicitFileType = archive.ar; includeInIndex = 0; path = libPods.a; sourceTree = BUILT_PRODUCTS_DIR; };
/* End PBXFileReference section */

/* Begin PBXFrameworksBuildPhase section */
		7DB9C2DE18C2D2EF00CCDED9 /* Frameworks */ = {
			isa = PBXFrameworksBuildPhase;
			buildActionMask = 2147483647;
			files = (
				7DB9C32918C2D43500CCDED9 /* AssetsLibrary.framework in Frameworks */,
				7DB9C32718C2D39D00CCDED9 /* CoreMedia.framework in Frameworks */,
				7DB9C32518C2D39800CCDED9 /* CoreVideo.framework in Frameworks */,
				7DB9C32318C2D39200CCDED9 /* libz.dylib in Frameworks */,
				7DB9C32118C2D38D00CCDED9 /* ImageIO.framework in Frameworks */,
				7DB9C31F18C2D38600CCDED9 /* AVFoundation.framework in Frameworks */,
				7DB9C2E718C2D2EF00CCDED9 /* CoreGraphics.framework in Frameworks */,
				7DB9C2E918C2D2EF00CCDED9 /* UIKit.framework in Frameworks */,
				7DB9C2E518C2D2EF00CCDED9 /* Foundation.framework in Frameworks */,
				F7E84084BE3542CBA28449D7 /* libPods.a in Frameworks */,
				7DF6BDE818CAF092007B72FC /* opencv2.framework in Frameworks */,
			);
			runOnlyForDeploymentPostprocessing = 0;
		};
		7DB9C30218C2D2EF00CCDED9 /* Frameworks */ = {
			isa = PBXFrameworksBuildPhase;
			buildActionMask = 2147483647;
			files = (
				7DB9C30718C2D2EF00CCDED9 /* XCTest.framework in Frameworks */,
				7DB9C30918C2D2EF00CCDED9 /* UIKit.framework in Frameworks */,
				7DB9C30818C2D2EF00CCDED9 /* Foundation.framework in Frameworks */,
			);
			runOnlyForDeploymentPostprocessing = 0;
		};
/* End PBXFrameworksBuildPhase section */

/* Begin PBXGroup section */
		7D0436AB18CBE2C10006E551 /* Face Video */ = {
			isa = PBXGroup;
			children = (
				7D0436A818CBE2B10006E551 /* BFFaceVideoViewController.h */,
				7D0436A918CBE2B10006E551 /* BFFaceVideoViewController.mm */,
				7DD8FEC218CC11BA00E5A213 /* BFCircleView.h */,
				7DD8FEC318CC11BA00E5A213 /* BFCircleView.m */,
			);
			name = "Face Video";
			sourceTree = "<group>";
		};
		7D16ED3118D2B4AB00EF7D56 /* Non-Treatment */ = {
			isa = PBXGroup;
			children = (
				7D16ED2E18D2B4A400EF7D56 /* BFPatientListViewController.h */,
				7D16ED2F18D2B4A400EF7D56 /* BFPatientListViewController.m */,
			);
			name = "Non-Treatment";
			sourceTree = "<group>";
		};
		7D16ED3818D2B60800EF7D56 /* Model */ = {
			isa = PBXGroup;
			children = (
				7D16ED3518D2B60100EF7D56 /* PatientModel.xcdatamodeld */,
			);
			name = Model;
			sourceTree = "<group>";
		};
		7DB9C2D818C2D2EF00CCDED9 = {
			isa = PBXGroup;
			children = (
				7DB9C2EA18C2D2EF00CCDED9 /* Motion Biofeedback */,
				7DB9C30C18C2D2EF00CCDED9 /* Motion BiofeedbackTests */,
				7DB9C2E318C2D2EF00CCDED9 /* Frameworks */,
				7DB9C2E218C2D2EF00CCDED9 /* Products */,
				6B95C62388D34EA7AAD08B55 /* Pods.xcconfig */,
			);
			sourceTree = "<group>";
		};
		7DB9C2E218C2D2EF00CCDED9 /* Products */ = {
			isa = PBXGroup;
			children = (
				7DB9C2E118C2D2EF00CCDED9 /* Motion Biofeedback.app */,
				7DB9C30518C2D2EF00CCDED9 /* Motion BiofeedbackTests.xctest */,
			);
			name = Products;
			sourceTree = "<group>";
		};
		7DB9C2E318C2D2EF00CCDED9 /* Frameworks */ = {
			isa = PBXGroup;
			children = (
				7DF6BDE718CAF092007B72FC /* opencv2.framework */,
				7DB9C32818C2D43500CCDED9 /* AssetsLibrary.framework */,
				7DB9C32618C2D39D00CCDED9 /* CoreMedia.framework */,
				7DB9C32418C2D39800CCDED9 /* CoreVideo.framework */,
				7DB9C32218C2D39200CCDED9 /* libz.dylib */,
				7DB9C32018C2D38D00CCDED9 /* ImageIO.framework */,
				7DB9C31E18C2D38600CCDED9 /* AVFoundation.framework */,
				7DB9C2E418C2D2EF00CCDED9 /* Foundation.framework */,
				7DB9C2E618C2D2EF00CCDED9 /* CoreGraphics.framework */,
				7DB9C2E818C2D2EF00CCDED9 /* UIKit.framework */,
				7DB9C30618C2D2EF00CCDED9 /* XCTest.framework */,
				C1545215E15347C8A01FA00B /* libPods.a */,
			);
			name = Frameworks;
			sourceTree = "<group>";
		};
		7DB9C2EA18C2D2EF00CCDED9 /* Motion Biofeedback */ = {
			isa = PBXGroup;
			children = (
				7DB9C2F318C2D2EF00CCDED9 /* BFAppDelegate.h */,
				7DB9C2F418C2D2EF00CCDED9 /* BFAppDelegate.mm */,
				7DB9C2F618C2D2EF00CCDED9 /* Main_iPhone.storyboard */,
				7DB9C2F918C2D2EF00CCDED9 /* Main_iPad.storyboard */,
				7D16ED3818D2B60800EF7D56 /* Model */,
				7D16ED3118D2B4AB00EF7D56 /* Non-Treatment */,
				7D0436AB18CBE2C10006E551 /* Face Video */,
				7DB9C33118C2D83E00CCDED9 /* OpenCV */,
				7DB9C32A18C2D7F000CCDED9 /* Biofeedback */,
				7DB9C2FF18C2D2EF00CCDED9 /* Images.xcassets */,
				7DB9C2EB18C2D2EF00CCDED9 /* Supporting Files */,
			);
			path = "Motion Biofeedback";
			sourceTree = "<group>";
		};
		7DB9C2EB18C2D2EF00CCDED9 /* Supporting Files */ = {
			isa = PBXGroup;
			children = (
				7DB9C2EC18C2D2EF00CCDED9 /* Motion Biofeedback-Info.plist */,
				7DB9C2ED18C2D2EF00CCDED9 /* InfoPlist.strings */,
				7DB9C2F018C2D2EF00CCDED9 /* main.m */,
				7DB9C2F218C2D2EF00CCDED9 /* Motion Biofeedback-Prefix.pch */,
			);
			name = "Supporting Files";
			sourceTree = "<group>";
		};
		7DB9C30C18C2D2EF00CCDED9 /* Motion BiofeedbackTests */ = {
			isa = PBXGroup;
			children = (
				7DB9C31218C2D2EF00CCDED9 /* Motion_BiofeedbackTests.m */,
				7DB9C30D18C2D2EF00CCDED9 /* Supporting Files */,
			);
			path = "Motion BiofeedbackTests";
			sourceTree = "<group>";
		};
		7DB9C30D18C2D2EF00CCDED9 /* Supporting Files */ = {
			isa = PBXGroup;
			children = (
				7DB9C30E18C2D2EF00CCDED9 /* Motion BiofeedbackTests-Info.plist */,
				7DB9C30F18C2D2EF00CCDED9 /* InfoPlist.strings */,
			);
			name = "Supporting Files";
			sourceTree = "<group>";
		};
		7DB9C32A18C2D7F000CCDED9 /* Biofeedback */ = {
			isa = PBXGroup;
			children = (
				7DB9C32B18C2D7F000CCDED9 /* BFHeadTracker.h */,
				7DB9C32C18C2D7F000CCDED9 /* BFHeadTracker.mm */,
				7DB9C32D18C2D7F000CCDED9 /* BFTracker.h */,
				7DB9C32E18C2D7F000CCDED9 /* BFTracker.mm */,
			);
			path = Biofeedback;
			sourceTree = "<group>";
		};
		7DB9C33118C2D83E00CCDED9 /* OpenCV */ = {
			isa = PBXGroup;
			children = (
				7DB9C33218C2D83E00CCDED9 /* BFOpenCVConverter.h */,
				7DB9C33318C2D83E00CCDED9 /* BFOpenCVConverter.mm */,
				7DF6BDE918CB7A54007B72FC /* BFOpenCVTracker.h */,
				7DF6BDEA18CB7A54007B72FC /* BFOpenCVTracker.mm */,
				7DB9C33618C2D83E00CCDED9 /* BFOpenCVEdgeDetector.h */,
				7DB9C33718C2D83E00CCDED9 /* BFOpenCVEdgeDetector.mm */,
				7DB9C33818C2D83E00CCDED9 /* BFOpenCVFaceDetector.h */,
				7DB9C33918C2D83E00CCDED9 /* BFOpenCVFaceDetector.mm */,
				7DECCCCD18C2E59A00984387 /* haarcascade_frontalface_alt2.xml */,
			);
			path = OpenCV;
			sourceTree = "<group>";
		};
/* End PBXGroup section */

/* Begin PBXNativeTarget section */
		7DB9C2E018C2D2EF00CCDED9 /* Motion Biofeedback */ = {
			isa = PBXNativeTarget;
			buildConfigurationList = 7DB9C31618C2D2EF00CCDED9 /* Build configuration list for PBXNativeTarget "Motion Biofeedback" */;
			buildPhases = (
				4B4D63C799894A0AB29B129A /* Check Pods Manifest.lock */,
				7DB9C2DD18C2D2EF00CCDED9 /* Sources */,
				7DB9C2DE18C2D2EF00CCDED9 /* Frameworks */,
				7DB9C2DF18C2D2EF00CCDED9 /* Resources */,
				CDA96635FD1A4060A0D15B18 /* Copy Pods Resources */,
			);
			buildRules = (
			);
			dependencies = (
			);
			name = "Motion Biofeedback";
			productName = "Motion Biofeedback";
			productReference = 7DB9C2E118C2D2EF00CCDED9 /* Motion Biofeedback.app */;
			productType = "com.apple.product-type.application";
		};
		7DB9C30418C2D2EF00CCDED9 /* Motion BiofeedbackTests */ = {
			isa = PBXNativeTarget;
			buildConfigurationList = 7DB9C31918C2D2EF00CCDED9 /* Build configuration list for PBXNativeTarget "Motion BiofeedbackTests" */;
			buildPhases = (
				7DB9C30118C2D2EF00CCDED9 /* Sources */,
				7DB9C30218C2D2EF00CCDED9 /* Frameworks */,
				7DB9C30318C2D2EF00CCDED9 /* Resources */,
			);
			buildRules = (
			);
			dependencies = (
				7DB9C30B18C2D2EF00CCDED9 /* PBXTargetDependency */,
			);
			name = "Motion BiofeedbackTests";
			productName = "Motion BiofeedbackTests";
			productReference = 7DB9C30518C2D2EF00CCDED9 /* Motion BiofeedbackTests.xctest */;
			productType = "com.apple.product-type.bundle.unit-test";
		};
/* End PBXNativeTarget section */

/* Begin PBXProject section */
		7DB9C2D918C2D2EF00CCDED9 /* Project object */ = {
			isa = PBXProject;
			attributes = {
				CLASSPREFIX = BF;
				LastUpgradeCheck = 0500;
				ORGANIZATIONNAME = "Harang Ju";
				TargetAttributes = {
					7DB9C2E018C2D2EF00CCDED9 = {
						DevelopmentTeam = 9VPE894343;
					};
					7DB9C30418C2D2EF00CCDED9 = {
						TestTargetID = 7DB9C2E018C2D2EF00CCDED9;
					};
				};
			};
			buildConfigurationList = 7DB9C2DC18C2D2EF00CCDED9 /* Build configuration list for PBXProject "Motion Biofeedback" */;
			compatibilityVersion = "Xcode 3.2";
			developmentRegion = English;
			hasScannedForEncodings = 0;
			knownRegions = (
				en,
				Base,
			);
			mainGroup = 7DB9C2D818C2D2EF00CCDED9;
			productRefGroup = 7DB9C2E218C2D2EF00CCDED9 /* Products */;
			projectDirPath = "";
			projectRoot = "";
			targets = (
				7DB9C2E018C2D2EF00CCDED9 /* Motion Biofeedback */,
				7DB9C30418C2D2EF00CCDED9 /* Motion BiofeedbackTests */,
			);
		};
/* End PBXProject section */

/* Begin PBXResourcesBuildPhase section */
		7DB9C2DF18C2D2EF00CCDED9 /* Resources */ = {
			isa = PBXResourcesBuildPhase;
			buildActionMask = 2147483647;
			files = (
				7DB9C2FB18C2D2EF00CCDED9 /* Main_iPad.storyboard in Resources */,
				7DB9C30018C2D2EF00CCDED9 /* Images.xcassets in Resources */,
				7DECCCCE18C2E59A00984387 /* haarcascade_frontalface_alt2.xml in Resources */,
				7DB9C2F818C2D2EF00CCDED9 /* Main_iPhone.storyboard in Resources */,
				7DB9C2EF18C2D2EF00CCDED9 /* InfoPlist.strings in Resources */,
			);
			runOnlyForDeploymentPostprocessing = 0;
		};
		7DB9C30318C2D2EF00CCDED9 /* Resources */ = {
			isa = PBXResourcesBuildPhase;
			buildActionMask = 2147483647;
			files = (
				7DB9C31118C2D2EF00CCDED9 /* InfoPlist.strings in Resources */,
			);
			runOnlyForDeploymentPostprocessing = 0;
		};
/* End PBXResourcesBuildPhase section */

/* Begin PBXShellScriptBuildPhase section */
		4B4D63C799894A0AB29B129A /* Check Pods Manifest.lock */ = {
			isa = PBXShellScriptBuildPhase;
			buildActionMask = 2147483647;
			files = (
			);
			inputPaths = (
			);
			name = "Check Pods Manifest.lock";
			outputPaths = (
			);
			runOnlyForDeploymentPostprocessing = 0;
			shellPath = /bin/sh;
			shellScript = "diff \"${PODS_ROOT}/../Podfile.lock\" \"${PODS_ROOT}/Manifest.lock\" > /dev/null\nif [[ $? != 0 ]] ; then\n    cat << EOM\nerror: The sandbox is not in sync with the Podfile.lock. Run 'pod install' or update your CocoaPods installation.\nEOM\n    exit 1\nfi\n";
			showEnvVarsInLog = 0;
		};
		CDA96635FD1A4060A0D15B18 /* Copy Pods Resources */ = {
			isa = PBXShellScriptBuildPhase;
			buildActionMask = 2147483647;
			files = (
			);
			inputPaths = (
			);
			name = "Copy Pods Resources";
			outputPaths = (
			);
			runOnlyForDeploymentPostprocessing = 0;
			shellPath = /bin/sh;
			shellScript = "\"${SRCROOT}/Pods/Pods-resources.sh\"\n";
			showEnvVarsInLog = 0;
		};
/* End PBXShellScriptBuildPhase section */

/* Begin PBXSourcesBuildPhase section */
		7DB9C2DD18C2D2EF00CCDED9 /* Sources */ = {
			isa = PBXSourcesBuildPhase;
			buildActionMask = 2147483647;
			files = (
				7D16ED3018D2B4A400EF7D56 /* BFPatientListViewController.m in Sources */,
				7DB9C33A18C2D83E00CCDED9 /* BFOpenCVConverter.mm in Sources */,
				7DD8FEC418CC11BA00E5A213 /* BFCircleView.m in Sources */,
				7D16ED3718D2B60100EF7D56 /* PatientModel.xcdatamodeld in Sources */,
				7DB9C33C18C2D83E00CCDED9 /* BFOpenCVEdgeDetector.mm in Sources */,
				7DB9C33018C2D7F000CCDED9 /* BFTracker.mm in Sources */,
				7DF6BDEB18CB7A54007B72FC /* BFOpenCVTracker.mm in Sources */,
				7DB9C2F518C2D2EF00CCDED9 /* BFAppDelegate.mm in Sources */,
				7DB9C33D18C2D83E00CCDED9 /* BFOpenCVFaceDetector.mm in Sources */,
				7D0436AA18CBE2B10006E551 /* BFFaceVideoViewController.mm in Sources */,
				7DB9C32F18C2D7F000CCDED9 /* BFHeadTracker.mm in Sources */,
				7DB9C2F118C2D2EF00CCDED9 /* main.m in Sources */,
			);
			runOnlyForDeploymentPostprocessing = 0;
		};
		7DB9C30118C2D2EF00CCDED9 /* Sources */ = {
			isa = PBXSourcesBuildPhase;
			buildActionMask = 2147483647;
			files = (
				7DB9C31318C2D2EF00CCDED9 /* Motion_BiofeedbackTests.m in Sources */,
			);
			runOnlyForDeploymentPostprocessing = 0;
		};
/* End PBXSourcesBuildPhase section */

/* Begin PBXTargetDependency section */
		7DB9C30B18C2D2EF00CCDED9 /* PBXTargetDependency */ = {
			isa = PBXTargetDependency;
			target = 7DB9C2E018C2D2EF00CCDED9 /* Motion Biofeedback */;
			targetProxy = 7DB9C30A18C2D2EF00CCDED9 /* PBXContainerItemProxy */;
		};
/* End PBXTargetDependency section */

/* Begin PBXVariantGroup section */
		7DB9C2ED18C2D2EF00CCDED9 /* InfoPlist.strings */ = {
			isa = PBXVariantGroup;
			children = (
				7DB9C2EE18C2D2EF00CCDED9 /* en */,
			);
			name = InfoPlist.strings;
			sourceTree = "<group>";
		};
		7DB9C2F618C2D2EF00CCDED9 /* Main_iPhone.storyboard */ = {
			isa = PBXVariantGroup;
			children = (
				7DB9C2F718C2D2EF00CCDED9 /* Base */,
			);
			name = Main_iPhone.storyboard;
			sourceTree = "<group>";
		};
		7DB9C2F918C2D2EF00CCDED9 /* Main_iPad.storyboard */ = {
			isa = PBXVariantGroup;
			children = (
				7DB9C2FA18C2D2EF00CCDED9 /* Base */,
			);
			name = Main_iPad.storyboard;
			sourceTree = "<group>";
		};
		7DB9C30F18C2D2EF00CCDED9 /* InfoPlist.strings */ = {
			isa = PBXVariantGroup;
			children = (
				7DB9C31018C2D2EF00CCDED9 /* en */,
			);
			name = InfoPlist.strings;
			sourceTree = "<group>";
		};
/* End PBXVariantGroup section */

/* Begin XCBuildConfiguration section */
		7DB9C31418C2D2EF00CCDED9 /* Debug */ = {
			isa = XCBuildConfiguration;
			buildSettings = {
				ALWAYS_SEARCH_USER_PATHS = NO;
				ARCHS = "$(ARCHS_STANDARD_INCLUDING_64_BIT)";
				CLANG_CXX_LANGUAGE_STANDARD = "gnu++0x";
				CLANG_CXX_LIBRARY = "libc++";
				CLANG_ENABLE_MODULES = YES;
				CLANG_ENABLE_OBJC_ARC = YES;
				CLANG_WARN_BOOL_CONVERSION = YES;
				CLANG_WARN_CONSTANT_CONVERSION = YES;
				CLANG_WARN_DIRECT_OBJC_ISA_USAGE = YES_ERROR;
				CLANG_WARN_EMPTY_BODY = YES;
				CLANG_WARN_ENUM_CONVERSION = YES;
				CLANG_WARN_INT_CONVERSION = YES;
				CLANG_WARN_OBJC_ROOT_CLASS = YES_ERROR;
				CLANG_WARN__DUPLICATE_METHOD_MATCH = YES;
				"CODE_SIGN_IDENTITY[sdk=iphoneos*]" = "iPhone Developer";
				COPY_PHASE_STRIP = NO;
				GCC_C_LANGUAGE_STANDARD = gnu99;
				GCC_DYNAMIC_NO_PIC = NO;
				GCC_OPTIMIZATION_LEVEL = 0;
				GCC_PREPROCESSOR_DEFINITIONS = (
					"DEBUG=1",
					"$(inherited)",
				);
				GCC_SYMBOLS_PRIVATE_EXTERN = NO;
				GCC_WARN_64_TO_32_BIT_CONVERSION = YES;
				GCC_WARN_ABOUT_RETURN_TYPE = YES_ERROR;
				GCC_WARN_UNDECLARED_SELECTOR = YES;
				GCC_WARN_UNINITIALIZED_AUTOS = YES;
				GCC_WARN_UNUSED_FUNCTION = YES;
				GCC_WARN_UNUSED_VARIABLE = YES;
				IPHONEOS_DEPLOYMENT_TARGET = 7.0;
				ONLY_ACTIVE_ARCH = YES;
				SDKROOT = iphoneos;
				TARGETED_DEVICE_FAMILY = "1,2";
			};
			name = Debug;
		};
		7DB9C31518C2D2EF00CCDED9 /* Release */ = {
			isa = XCBuildConfiguration;
			buildSettings = {
				ALWAYS_SEARCH_USER_PATHS = NO;
				ARCHS = "$(ARCHS_STANDARD_INCLUDING_64_BIT)";
				CLANG_CXX_LANGUAGE_STANDARD = "gnu++0x";
				CLANG_CXX_LIBRARY = "libc++";
				CLANG_ENABLE_MODULES = YES;
				CLANG_ENABLE_OBJC_ARC = YES;
				CLANG_WARN_BOOL_CONVERSION = YES;
				CLANG_WARN_CONSTANT_CONVERSION = YES;
				CLANG_WARN_DIRECT_OBJC_ISA_USAGE = YES_ERROR;
				CLANG_WARN_EMPTY_BODY = YES;
				CLANG_WARN_ENUM_CONVERSION = YES;
				CLANG_WARN_INT_CONVERSION = YES;
				CLANG_WARN_OBJC_ROOT_CLASS = YES_ERROR;
				CLANG_WARN__DUPLICATE_METHOD_MATCH = YES;
				"CODE_SIGN_IDENTITY[sdk=iphoneos*]" = "iPhone Developer";
				COPY_PHASE_STRIP = YES;
				ENABLE_NS_ASSERTIONS = NO;
				GCC_C_LANGUAGE_STANDARD = gnu99;
				GCC_WARN_64_TO_32_BIT_CONVERSION = YES;
				GCC_WARN_ABOUT_RETURN_TYPE = YES_ERROR;
				GCC_WARN_UNDECLARED_SELECTOR = YES;
				GCC_WARN_UNINITIALIZED_AUTOS = YES;
				GCC_WARN_UNUSED_FUNCTION = YES;
				GCC_WARN_UNUSED_VARIABLE = YES;
				IPHONEOS_DEPLOYMENT_TARGET = 7.0;
				SDKROOT = iphoneos;
				TARGETED_DEVICE_FAMILY = "1,2";
				VALIDATE_PRODUCT = YES;
			};
			name = Release;
		};
		7DB9C31718C2D2EF00CCDED9 /* Debug */ = {
			isa = XCBuildConfiguration;
			baseConfigurationReference = 6B95C62388D34EA7AAD08B55 /* Pods.xcconfig */;
			buildSettings = {
				ASSETCATALOG_COMPILER_APPICON_NAME = AppIcon;
				ASSETCATALOG_COMPILER_LAUNCHIMAGE_NAME = LaunchImage;
				CODE_SIGN_IDENTITY = "iPhone Developer";
				"CODE_SIGN_IDENTITY[sdk=iphoneos*]" = "iPhone Developer";
				FRAMEWORK_SEARCH_PATHS = (
					"$(inherited)",
					"/Users/harangju/Developer/Motion\\ Biofeedback",
					"/Users/harangju/Developer/motion-biofeedback",
				);
				GCC_PRECOMPILE_PREFIX_HEADER = YES;
				GCC_PREFIX_HEADER = "Motion Biofeedback/Motion Biofeedback-Prefix.pch";
				INFOPLIST_FILE = "Motion Biofeedback/Motion Biofeedback-Info.plist";
				PRODUCT_NAME = "$(TARGET_NAME)";
				PROVISIONING_PROFILE = "";
				TARGETED_DEVICE_FAMILY = "1,2";
				WRAPPER_EXTENSION = app;
			};
			name = Debug;
		};
		7DB9C31818C2D2EF00CCDED9 /* Release */ = {
			isa = XCBuildConfiguration;
			baseConfigurationReference = 6B95C62388D34EA7AAD08B55 /* Pods.xcconfig */;
			buildSettings = {
				ASSETCATALOG_COMPILER_APPICON_NAME = AppIcon;
				ASSETCATALOG_COMPILER_LAUNCHIMAGE_NAME = LaunchImage;
				CODE_SIGN_IDENTITY = "iPhone Developer";
				"CODE_SIGN_IDENTITY[sdk=iphoneos*]" = "iPhone Developer";
				FRAMEWORK_SEARCH_PATHS = (
					"$(inherited)",
					"/Users/harangju/Developer/Motion\\ Biofeedback",
					"/Users/harangju/Developer/motion-biofeedback",
				);
				GCC_PRECOMPILE_PREFIX_HEADER = YES;
				GCC_PREFIX_HEADER = "Motion Biofeedback/Motion Biofeedback-Prefix.pch";
				INFOPLIST_FILE = "Motion Biofeedback/Motion Biofeedback-Info.plist";
				PRODUCT_NAME = "$(TARGET_NAME)";
				PROVISIONING_PROFILE = "";
				TARGETED_DEVICE_FAMILY = "1,2";
				WRAPPER_EXTENSION = app;
			};
			name = Release;
		};
		7DB9C31A18C2D2EF00CCDED9 /* Debug */ = {
			isa = XCBuildConfiguration;
			buildSettings = {
				ARCHS = "$(ARCHS_STANDARD_INCLUDING_64_BIT)";
				BUNDLE_LOADER = "$(BUILT_PRODUCTS_DIR)/Motion Biofeedback.app/Motion Biofeedback";
				FRAMEWORK_SEARCH_PATHS = (
					"$(SDKROOT)/Developer/Library/Frameworks",
					"$(inherited)",
					"$(DEVELOPER_FRAMEWORKS_DIR)",
				);
				GCC_PRECOMPILE_PREFIX_HEADER = YES;
				GCC_PREFIX_HEADER = "Motion Biofeedback/Motion Biofeedback-Prefix.pch";
				GCC_PREPROCESSOR_DEFINITIONS = (
					"DEBUG=1",
					"$(inherited)",
				);
				INFOPLIST_FILE = "Motion BiofeedbackTests/Motion BiofeedbackTests-Info.plist";
				PRODUCT_NAME = "$(TARGET_NAME)";
				TEST_HOST = "$(BUNDLE_LOADER)";
				WRAPPER_EXTENSION = xctest;
			};
			name = Debug;
		};
		7DB9C31B18C2D2EF00CCDED9 /* Release */ = {
			isa = XCBuildConfiguration;
			buildSettings = {
				ARCHS = "$(ARCHS_STANDARD_INCLUDING_64_BIT)";
				BUNDLE_LOADER = "$(BUILT_PRODUCTS_DIR)/Motion Biofeedback.app/Motion Biofeedback";
				FRAMEWORK_SEARCH_PATHS = (
					"$(SDKROOT)/Developer/Library/Frameworks",
					"$(inherited)",
					"$(DEVELOPER_FRAMEWORKS_DIR)",
				);
				GCC_PRECOMPILE_PREFIX_HEADER = YES;
				GCC_PREFIX_HEADER = "Motion Biofeedback/Motion Biofeedback-Prefix.pch";
				INFOPLIST_FILE = "Motion BiofeedbackTests/Motion BiofeedbackTests-Info.plist";
				PRODUCT_NAME = "$(TARGET_NAME)";
				TEST_HOST = "$(BUNDLE_LOADER)";
				WRAPPER_EXTENSION = xctest;
			};
			name = Release;
		};
/* End XCBuildConfiguration section */

/* Begin XCConfigurationList section */
		7DB9C2DC18C2D2EF00CCDED9 /* Build configuration list for PBXProject "Motion Biofeedback" */ = {
			isa = XCConfigurationList;
			buildConfigurations = (
				7DB9C31418C2D2EF00CCDED9 /* Debug */,
				7DB9C31518C2D2EF00CCDED9 /* Release */,
			);
			defaultConfigurationIsVisible = 0;
			defaultConfigurationName = Release;
		};
		7DB9C31618C2D2EF00CCDED9 /* Build configuration list for PBXNativeTarget "Motion Biofeedback" */ = {
			isa = XCConfigurationList;
			buildConfigurations = (
				7DB9C31718C2D2EF00CCDED9 /* Debug */,
				7DB9C31818C2D2EF00CCDED9 /* Release */,
			);
			defaultConfigurationIsVisible = 0;
			defaultConfigurationName = Release;
		};
		7DB9C31918C2D2EF00CCDED9 /* Build configuration list for PBXNativeTarget "Motion BiofeedbackTests" */ = {
			isa = XCConfigurationList;
			buildConfigurations = (
				7DB9C31A18C2D2EF00CCDED9 /* Debug */,
				7DB9C31B18C2D2EF00CCDED9 /* Release */,
			);
			defaultConfigurationIsVisible = 0;
			defaultConfigurationName = Release;
		};
/* End XCConfigurationList section */

/* Begin XCVersionGroup section */
		7D16ED3518D2B60100EF7D56 /* PatientModel.xcdatamodeld */ = {
			isa = XCVersionGroup;
			children = (
				7D16ED3618D2B60100EF7D56 /* PatientModel.xcdatamodel */,
			);
			currentVersion = 7D16ED3618D2B60100EF7D56 /* PatientModel.xcdatamodel */;
			name = PatientModel.xcdatamodeld;
			path = Model/PatientModel.xcdatamodeld;
			sourceTree = "<group>";
			versionGroupType = wrapper.xcdatamodel;
		};
/* End XCVersionGroup section */
	};
	rootObject = 7DB9C2D918C2D2EF00CCDED9 /* Project object */;
}
